// !$*UTF8*$!
{
	archiveVersion = 1;
	classes = {
	};
	objectVersion = 50;
	objects = {

/* Begin PBXBuildFile section */
		A19F4D932367A432009E94E8 /* AppDelegate.swift in Sources */ = {isa = PBXBuildFile; fileRef = A19F4D922367A432009E94E8 /* AppDelegate.swift */; };
		A19F4D952367A432009E94E8 /* ViewController.swift in Sources */ = {isa = PBXBuildFile; fileRef = A19F4D942367A432009E94E8 /* ViewController.swift */; };
		A19F4D982367A432009E94E8 /* Main.storyboard in Resources */ = {isa = PBXBuildFile; fileRef = A19F4D962367A432009E94E8 /* Main.storyboard */; };
		A19F4D9A2367A43B009E94E8 /* Assets.xcassets in Resources */ = {isa = PBXBuildFile; fileRef = A19F4D992367A43B009E94E8 /* Assets.xcassets */; };
		A19F4D9D2367A43B009E94E8 /* LaunchScreen.storyboard in Resources */ = {isa = PBXBuildFile; fileRef = A19F4D9B2367A43B009E94E8 /* LaunchScreen.storyboard */; };
		A19F4DA52367B369009E94E8 /* TamanoController.swift in Sources */ = {isa = PBXBuildFile; fileRef = A19F4DA42367B369009E94E8 /* TamanoController.swift */; };
		A19F4DA72367B3A1009E94E8 /* MasaController.swift in Sources */ = {isa = PBXBuildFile; fileRef = A19F4DA62367B3A1009E94E8 /* MasaController.swift */; };
		A19F4DA92367B3C9009E94E8 /* QuesoController.swift in Sources */ = {isa = PBXBuildFile; fileRef = A19F4DA82367B3C9009E94E8 /* QuesoController.swift */; };
		A19F4DAB2367B3E6009E94E8 /* IngredienteController.swift in Sources */ = {isa = PBXBuildFile; fileRef = A19F4DAA2367B3E6009E94E8 /* IngredienteController.swift */; };
/* End PBXBuildFile section */

/* Begin PBXFileReference section */
		A19F4D8F2367A432009E94E8 /* Pitza.app */ = {isa = PBXFileReference; explicitFileType = wrapper.application; includeInIndex = 0; path = Pitza.app; sourceTree = BUILT_PRODUCTS_DIR; };
		A19F4D922367A432009E94E8 /* AppDelegate.swift */ = {isa = PBXFileReference; lastKnownFileType = sourcecode.swift; path = AppDelegate.swift; sourceTree = "<group>"; };
		A19F4D942367A432009E94E8 /* ViewController.swift */ = {isa = PBXFileReference; lastKnownFileType = sourcecode.swift; path = ViewController.swift; sourceTree = "<group>"; };
		A19F4D972367A432009E94E8 /* Base */ = {isa = PBXFileReference; lastKnownFileType = file.storyboard; name = Base; path = Base.lproj/Main.storyboard; sourceTree = "<group>"; };
		A19F4D992367A43B009E94E8 /* Assets.xcassets */ = {isa = PBXFileReference; lastKnownFileType = folder.assetcatalog; path = Assets.xcassets; sourceTree = "<group>"; };
		A19F4D9C2367A43B009E94E8 /* Base */ = {isa = PBXFileReference; lastKnownFileType = file.storyboard; name = Base; path = Base.lproj/LaunchScreen.storyboard; sourceTree = "<group>"; };
		A19F4D9E2367A43B009E94E8 /* Info.plist */ = {isa = PBXFileReference; lastKnownFileType = text.plist.xml; path = Info.plist; sourceTree = "<group>"; };
		A19F4DA42367B369009E94E8 /* TamanoController.swift */ = {isa = PBXFileReference; lastKnownFileType = sourcecode.swift; path = TamanoController.swift; sourceTree = "<group>"; };
		A19F4DA62367B3A1009E94E8 /* MasaController.swift */ = {isa = PBXFileReference; lastKnownFileType = sourcecode.swift; path = MasaController.swift; sourceTree = "<group>"; };
		A19F4DA82367B3C9009E94E8 /* QuesoController.swift */ = {isa = PBXFileReference; lastKnownFileType = sourcecode.swift; path = QuesoController.swift; sourceTree = "<group>"; };
		A19F4DAA2367B3E6009E94E8 /* IngredienteController.swift */ = {isa = PBXFileReference; lastKnownFileType = sourcecode.swift; path = IngredienteController.swift; sourceTree = "<group>"; };
/* End PBXFileReference section */

/* Begin PBXFrameworksBuildPhase section */
		A19F4D8C2367A432009E94E8 /* Frameworks */ = {
			isa = PBXFrameworksBuildPhase;
			buildActionMask = 2147483647;
			files = (
			);
			runOnlyForDeploymentPostprocessing = 0;
		};
/* End PBXFrameworksBuildPhase section */

/* Begin PBXGroup section */
		A19F4D862367A432009E94E8 = {
			isa = PBXGroup;
			children = (
				A19F4D912367A432009E94E8 /* Pitza */,
				A19F4D902367A432009E94E8 /* Products */,
			);
			sourceTree = "<group>";
		};
		A19F4D902367A432009E94E8 /* Products */ = {
			isa = PBXGroup;
			children = (
				A19F4D8F2367A432009E94E8 /* Pitza.app */,
			);
			name = Products;
			sourceTree = "<group>";
		};
		A19F4D912367A432009E94E8 /* Pitza */ = {
			isa = PBXGroup;
			children = (
				A19F4D922367A432009E94E8 /* AppDelegate.swift */,
				A19F4D942367A432009E94E8 /* ViewController.swift */,
				A19F4D962367A432009E94E8 /* Main.storyboard */,
				A19F4D992367A43B009E94E8 /* Assets.xcassets */,
				A19F4D9B2367A43B009E94E8 /* LaunchScreen.storyboard */,
				A19F4D9E2367A43B009E94E8 /* Info.plist */,
				A19F4DA42367B369009E94E8 /* TamanoController.swift */,
				A19F4DA62367B3A1009E94E8 /* MasaController.swift */,
				A19F4DA82367B3C9009E94E8 /* QuesoController.swift */,
				A19F4DAA2367B3E6009E94E8 /* IngredienteController.swift */,
			);
			path = Pitza;
			sourceTree = "<group>";
		};
/* End PBXGroup section */

/* Begin PBXNativeTarget section */
		A19F4D8E2367A432009E94E8 /* Pitza */ = {
			isa = PBXNativeTarget;
			buildConfigurationList = A19F4DA12367A43B009E94E8 /* Build configuration list for PBXNativeTarget "Pitza" */;
			buildPhases = (
				A19F4D8B2367A432009E94E8 /* Sources */,
				A19F4D8C2367A432009E94E8 /* Frameworks */,
				A19F4D8D2367A432009E94E8 /* Resources */,
			);
			buildRules = (
			);
			dependencies = (
			);
			name = Pitza;
			productName = Pitza;
			productReference = A19F4D8F2367A432009E94E8 /* Pitza.app */;
			productType = "com.apple.product-type.application";
		};
/* End PBXNativeTarget section */

/* Begin PBXProject section */
		A19F4D872367A432009E94E8 /* Project object */ = {
			isa = PBXProject;
			attributes = {
				LastSwiftUpdateCheck = 1000;
				LastUpgradeCheck = 1000;
				ORGANIZATIONNAME = moviles;
				TargetAttributes = {
					A19F4D8E2367A432009E94E8 = {
						CreatedOnToolsVersion = 10.0;
					};
				};
			};
			buildConfigurationList = A19F4D8A2367A432009E94E8 /* Build configuration list for PBXProject "Pitza" */;
			compatibilityVersion = "Xcode 9.3";
			developmentRegion = en;
			hasScannedForEncodings = 0;
			knownRegions = (
				en,
				Base,
			);
			mainGroup = A19F4D862367A432009E94E8;
			productRefGroup = A19F4D902367A432009E94E8 /* Products */;
			projectDirPath = "";
			projectRoot = "";
			targets = (
				A19F4D8E2367A432009E94E8 /* Pitza */,
			);
		};
/* End PBXProject section */

/* Begin PBXResourcesBuildPhase section */
		A19F4D8D2367A432009E94E8 /* Resources */ = {
			isa = PBXResourcesBuildPhase;
			buildActionMask = 2147483647;
			files = (
				A19F4D9D2367A43B009E94E8 /* LaunchScreen.storyboard in Resources */,
				A19F4D9A2367A43B009E94E8 /* Assets.xcassets in Resources */,
				A19F4D982367A432009E94E8 /* Main.storyboard in Resources */,
			);
			runOnlyForDeploymentPostprocessing = 0;
		};
/* End PBXResourcesBuildPhase section */

/* Begin PBXSourcesBuildPhase section */
		A19F4D8B2367A432009E94E8 /* Sources */ = {
			isa = PBXSourcesBuildPhase;
			buildActionMask = 2147483647;
			files = (
				A19F4D952367A432009E94E8 /* ViewController.swift in Sources */,
				A19F4DA72367B3A1009E94E8 /* MasaController.swift in Sources */,
				A19F4DA92367B3C9009E94E8 /* QuesoController.swift in Sources */,
				A19F4DA52367B369009E94E8 /* TamanoController.swift in Sources */,
				A19F4DAB2367B3E6009E94E8 /* IngredienteController.swift in Sources */,
				A19F4D932367A432009E94E8 /* AppDelegate.swift in Sources */,
			);
			runOnlyForDeploymentPostprocessing = 0;
		};
/* End PBXSourcesBuildPhase section */

/* Begin PBXVariantGroup section */
		A19F4D962367A432009E94E8 /* Main.storyboard */ = {
			isa = PBXVariantGroup;
			children = (
				A19F4D972367A432009E94E8 /* Base */,
			);
			name = Main.storyboard;
			sourceTree = "<group>";
		};
		A19F4D9B2367A43B009E94E8 /* LaunchScreen.storyboard */ = {
			isa = PBXVariantGroup;
			children = (
				A19F4D9C2367A43B009E94E8 /* Base */,
			);
			name = LaunchScreen.storyboard;
			sourceTree = "<group>";
		};
/* End PBXVariantGroup section */

/* Begin XCBuildConfiguration section */
		A19F4D9F2367A43B009E94E8 /* Debug */ = {
			isa = XCBuildConfiguration;
			buildSettings = {
				ALWAYS_SEARCH_USER_PATHS = NO;
				CLANG_ANALYZER_NONNULL = YES;
				CLANG_ANALYZER_NUMBER_OBJECT_CONVERSION = YES_AGGRESSIVE;
				CLANG_CXX_LANGUAGE_STANDARD = "gnu++14";
				CLANG_CXX_LIBRARY = "libc++";
				CLANG_ENABLE_MODULES = YES;
				CLANG_ENABLE_OBJC_ARC = YES;
				CLANG_ENABLE_OBJC_WEAK = YES;
				CLANG_WARN_BLOCK_CAPTURE_AUTORELEASING = YES;
				CLANG_WARN_BOOL_CONVERSION = YES;
				CLANG_WARN_COMMA = YES;
				CLANG_WARN_CONSTANT_CONVERSION = YES;
				CLANG_WARN_DEPRECATED_OBJC_IMPLEMENTATIONS = YES;
				CLANG_WARN_DIRECT_OBJC_ISA_USAGE = YES_ERROR;
				CLANG_WARN_DOCUMENTATION_COMMENTS = YES;
				CLANG_WARN_EMPTY_BODY = YES;
				CLANG_WARN_ENUM_CONVERSION = YES;
				CLANG_WARN_INFINITE_RECURSION = YES;
				CLANG_WARN_INT_CONVERSION = YES;
				CLANG_WARN_NON_LITERAL_NULL_CONVERSION = YES;
				CLANG_WARN_OBJC_IMPLICIT_RETAIN_SELF = YES;
				CLANG_WARN_OBJC_LITERAL_CONVERSION = YES;
				CLANG_WARN_OBJC_ROOT_CLASS = YES_ERROR;
				CLANG_WARN_RANGE_LOOP_ANALYSIS = YES;
				CLANG_WARN_STRICT_PROTOTYPES = YES;
				CLANG_WARN_SUSPICIOUS_MOVE = YES;
				CLANG_WARN_UNGUARDED_AVAILABILITY = YES_AGGRESSIVE;
				CLANG_WARN_UNREACHABLE_CODE = YES;
				CLANG_WARN__DUPLICATE_METHOD_MATCH = YES;
				CODE_SIGN_IDENTITY = "iPhone Developer";
				COPY_PHASE_STRIP = NO;
				DEBUG_INFORMATION_FORMAT = dwarf;
				ENABLE_STRICT_OBJC_MSGSEND = YES;
				ENABLE_TESTABILITY = YES;
				GCC_C_LANGUAGE_STANDARD = gnu11;
				GCC_DYNAMIC_NO_PIC = NO;
				GCC_NO_COMMON_BLOCKS = YES;
				GCC_OPTIMIZATION_LEVEL = 0;
				GCC_PREPROCESSOR_DEFINITIONS = (
					"DEBUG=1",
					"$(inherited)",
				);
				GCC_WARN_64_TO_32_BIT_CONVERSION = YES;
				GCC_WARN_ABOUT_RETURN_TYPE = YES_ERROR;
				GCC_WARN_UNDECLARED_SELECTOR = YES;
				GCC_WARN_UNINITIALIZED_AUTOS = YES_AGGRESSIVE;
				GCC_WARN_UNUSED_FUNCTION = YES;
				GCC_WARN_UNUSED_VARIABLE = YES;
				IPHONEOS_DEPLOYMENT_TARGET = 12.0;
				MTL_ENABLE_DEBUG_INFO = INCLUDE_SOURCE;
				MTL_FAST_MATH = YES;
				ONLY_ACTIVE_ARCH = YES;
				SDKROOT = iphoneos;
				SWIFT_ACTIVE_COMPILATION_CONDITIONS = DEBUG;
				SWIFT_OPTIMIZATION_LEVEL = "-Onone";
			};
			name = Debug;
		};
		A19F4DA02367A43B009E94E8 /* Release */ = {
			isa = XCBuildConfiguration;
			buildSettings = {
				ALWAYS_SEARCH_USER_PATHS = NO;
				CLANG_ANALYZER_NONNULL = YES;
				CLANG_ANALYZER_NUMBER_OBJECT_CONVERSION = YES_AGGRESSIVE;
				CLANG_CXX_LANGUAGE_STANDARD = "gnu++14";
				CLANG_CXX_LIBRARY = "libc++";
				CLANG_ENABLE_MODULES = YES;
				CLANG_ENABLE_OBJC_ARC = YES;
				CLANG_ENABLE_OBJC_WEAK = YES;
				CLANG_WARN_BLOCK_CAPTURE_AUTORELEASING = YES;
				CLANG_WARN_BOOL_CONVERSION = YES;
				CLANG_WARN_COMMA = YES;
				CLANG_WARN_CONSTANT_CONVERSION = YES;
				CLANG_WARN_DEPRECATED_OBJC_IMPLEMENTATIONS = YES;
				CLANG_WARN_DIRECT_OBJC_ISA_USAGE = YES_ERROR;
				CLANG_WARN_DOCUMENTATION_COMMENTS = YES;
				CLANG_WARN_EMPTY_BODY = YES;
				CLANG_WARN_ENUM_CONVERSION = YES;
				CLANG_WARN_INFINITE_RECURSION = YES;
				CLANG_WARN_INT_CONVERSION = YES;
				CLANG_WARN_NON_LITERAL_NULL_CONVERSION = YES;
				CLANG_WARN_OBJC_IMPLICIT_RETAIN_SELF = YES;
				CLANG_WARN_OBJC_LITERAL_CONVERSION = YES;
				CLANG_WARN_OBJC_ROOT_CLASS = YES_ERROR;
				CLANG_WARN_RANGE_LOOP_ANALYSIS = YES;
				CLANG_WARN_STRICT_PROTOTYPES = YES;
				CLANG_WARN_SUSPICIOUS_MOVE = YES;
				CLANG_WARN_UNGUARDED_AVAILABILITY = YES_AGGRESSIVE;
				CLANG_WARN_UNREACHABLE_CODE = YES;
				CLANG_WARN__DUPLICATE_METHOD_MATCH = YES;
				CODE_SIGN_IDENTITY = "iPhone Developer";
				COPY_PHASE_STRIP = NO;
				DEBUG_INFORMATION_FORMAT = "dwarf-with-dsym";
				ENABLE_NS_ASSERTIONS = NO;
				ENABLE_STRICT_OBJC_MSGSEND = YES;
				GCC_C_LANGUAGE_STANDARD = gnu11;
				GCC_NO_COMMON_BLOCKS = YES;
				GCC_WARN_64_TO_32_BIT_CONVERSION = YES;
				GCC_WARN_ABOUT_RETURN_TYPE = YES_ERROR;
				GCC_WARN_UNDECLARED_SELECTOR = YES;
				GCC_WARN_UNINITIALIZED_AUTOS = YES_AGGRESSIVE;
				GCC_WARN_UNUSED_FUNCTION = YES;
				GCC_WARN_UNUSED_VARIABLE = YES;
				IPHONEOS_DEPLOYMENT_TARGET = 12.0;
				MTL_ENABLE_DEBUG_INFO = NO;
				MTL_FAST_MATH = YES;
				SDKROOT = iphoneos;
				SWIFT_COMPILATION_MODE = wholemodule;
				SWIFT_OPTIMIZATION_LEVEL = "-O";
				VALIDATE_PRODUCT = YES;
			};
			name = Release;
		};
		A19F4DA22367A43B009E94E8 /* Debug */ = {
			isa = XCBuildConfiguration;
			buildSettings = {
				ASSETCATALOG_COMPILER_APPICON_NAME = AppIcon;
				CODE_SIGN_STYLE = Automatic;
				INFOPLIST_FILE = Pitza/Info.plist;
				LD_RUNPATH_SEARCH_PATHS = (
					"$(inherited)",
					"@executable_path/Frameworks",
				);
				PRODUCT_BUNDLE_IDENTIFIER = com.Itchii.Pitza;
				PRODUCT_NAME = "$(TARGET_NAME)";
				SWIFT_VERSION = 4.2;
				TARGETED_DEVICE_FAMILY = "1,2";
			};
			name = Debug;
		};
		A19F4DA32367A43B009E94E8 /* Release */ = {
			isa = XCBuildConfiguration;
			buildSettings = {
				ASSETCATALOG_COMPILER_APPICON_NAME = AppIcon;
				CODE_SIGN_STYLE = Automatic;
				INFOPLIST_FILE = Pitza/Info.plist;
				LD_RUNPATH_SEARCH_PATHS = (
					"$(inherited)",
					"@executable_path/Frameworks",
				);
				PRODUCT_BUNDLE_IDENTIFIER = com.Itchii.Pitza;
				PRODUCT_NAME = "$(TARGET_NAME)";
				SWIFT_VERSION = 4.2;
				TARGETED_DEVICE_FAMILY = "1,2";
			};
			name = Release;
		};
/* End XCBuildConfiguration section */

/* Begin XCConfigurationList section */
		A19F4D8A2367A432009E94E8 /* Build configuration list for PBXProject "Pitza" */ = {
			isa = XCConfigurationList;
			buildConfigurations = (
				A19F4D9F2367A43B009E94E8 /* Debug */,
				A19F4DA02367A43B009E94E8 /* Release */,
			);
			defaultConfigurationIsVisible = 0;
			defaultConfigurationName = Release;
		};
		A19F4DA12367A43B009E94E8 /* Build configuration list for PBXNativeTarget "Pitza" */ = {
			isa = XCConfigurationList;
			buildConfigurations = (
				A19F4DA22367A43B009E94E8 /* Debug */,
				A19F4DA32367A43B009E94E8 /* Release */,
			);
			defaultConfigurationIsVisible = 0;
			defaultConfigurationName = Release;
		};
/* End XCConfigurationList section */
	};
	rootObject = A19F4D872367A432009E94E8 /* Project object */;
}
